
Microsoft Visual Studio Solution File, Format Version 12.00
# Visual Studio Version 16
VisualStudioVersion = 16.0.31424.327
MinimumVisualStudioVersion = 10.0.40219.1
Project("{FAE04EC0-301F-11D3-BF4B-00C04F79EFBC}") = "DIOTransferenciaBancaria", "DIOTransferenciaBancaria\DIOTransferenciaBancaria.csproj", "{566CDA30-4234-4049-83E4-C46BC0BAA3E6}"
EndProject
Global
	GlobalSection(SolutionConfigurationPlatforms) = preSolution
		Debug|Any CPU = Debug|Any CPU
		Release|Any CPU = Release|Any CPU
	EndGlobalSection
	GlobalSection(ProjectConfigurationPlatforms) = postSolution
		{566CDA30-4234-4049-83E4-C46BC0BAA3E6}.Debug|Any CPU.ActiveCfg = Debug|Any CPU
		{566CDA30-4234-4049-83E4-C46BC0BAA3E6}.Debug|Any CPU.Build.0 = Debug|Any CPU
		{566CDA30-4234-4049-83E4-C46BC0BAA3E6}.Release|Any CPU.ActiveCfg = Release|Any CPU
		{566CDA30-4234-4049-83E4-C46BC0BAA3E6}.Release|Any CPU.Build.0 = Release|Any CPU
	EndGlobalSection
	GlobalSection(SolutionProperties) = preSolution
		HideSolutionNode = FALSE
	EndGlobalSection
	GlobalSection(ExtensibilityGlobals) = postSolution
		SolutionGuid = {6F175D55-5937-4EE0-BDB8-95033B9AF800}
	EndGlobalSection
EndGlobal
